
Microsoft Visual Studio Solution File, Format Version 12.00
# Visual Studio 15
VisualStudioVersion = 15.0.28307.421
MinimumVisualStudioVersion = 10.0.40219.1
Project("{9A19103F-16F7-4668-BE54-9A1E7A4F7556}") = "ManagerLogbook.Data", "ManagerLogbook.Data\ManagerLogbook.Data.csproj", "{D22E6B14-E8EA-4749-A5C6-F527FFD26D9E}"
EndProject
Project("{9A19103F-16F7-4668-BE54-9A1E7A4F7556}") = "ManagerLogbook.Services", "ManagerLogbook.Services\ManagerLogbook.Services.csproj", "{DCAD2E5E-4A06-4295-A911-758656429B6A}"
EndProject
Project("{9A19103F-16F7-4668-BE54-9A1E7A4F7556}") = "ManagerLogbook.Tests", "ManagerLogbook.Tests\ManagerLogbook.Tests.csproj", "{DA4E345F-81CE-4CBF-AAE9-C212CBA189E8}"
EndProject
Project("{FAE04EC0-301F-11D3-BF4B-00C04F79EFBC}") = "ManagerLogbook.Web", "ManagerLogbook.Web\ManagerLogbook.Web.csproj", "{E2097BF8-D12D-40DF-BECC-DB20B0505B38}"
EndProject
Global
	GlobalSection(SolutionConfigurationPlatforms) = preSolution
		Debug|Any CPU = Debug|Any CPU
		Release|Any CPU = Release|Any CPU
	EndGlobalSection
	GlobalSection(ProjectConfigurationPlatforms) = postSolution
		{D22E6B14-E8EA-4749-A5C6-F527FFD26D9E}.Debug|Any CPU.ActiveCfg = Debug|Any CPU
		{D22E6B14-E8EA-4749-A5C6-F527FFD26D9E}.Debug|Any CPU.Build.0 = Debug|Any CPU
		{D22E6B14-E8EA-4749-A5C6-F527FFD26D9E}.Release|Any CPU.ActiveCfg = Release|Any CPU
		{D22E6B14-E8EA-4749-A5C6-F527FFD26D9E}.Release|Any CPU.Build.0 = Release|Any CPU
		{DCAD2E5E-4A06-4295-A911-758656429B6A}.Debug|Any CPU.ActiveCfg = Debug|Any CPU
		{DCAD2E5E-4A06-4295-A911-758656429B6A}.Debug|Any CPU.Build.0 = Debug|Any CPU
		{DCAD2E5E-4A06-4295-A911-758656429B6A}.Release|Any CPU.ActiveCfg = Release|Any CPU
		{DCAD2E5E-4A06-4295-A911-758656429B6A}.Release|Any CPU.Build.0 = Release|Any CPU
		{DA4E345F-81CE-4CBF-AAE9-C212CBA189E8}.Debug|Any CPU.ActiveCfg = Debug|Any CPU
		{DA4E345F-81CE-4CBF-AAE9-C212CBA189E8}.Debug|Any CPU.Build.0 = Debug|Any CPU
		{DA4E345F-81CE-4CBF-AAE9-C212CBA189E8}.Release|Any CPU.ActiveCfg = Release|Any CPU
		{DA4E345F-81CE-4CBF-AAE9-C212CBA189E8}.Release|Any CPU.Build.0 = Release|Any CPU
		{E2097BF8-D12D-40DF-BECC-DB20B0505B38}.Debug|Any CPU.ActiveCfg = Debug|Any CPU
		{E2097BF8-D12D-40DF-BECC-DB20B0505B38}.Debug|Any CPU.Build.0 = Debug|Any CPU
		{E2097BF8-D12D-40DF-BECC-DB20B0505B38}.Release|Any CPU.ActiveCfg = Release|Any CPU
		{E2097BF8-D12D-40DF-BECC-DB20B0505B38}.Release|Any CPU.Build.0 = Release|Any CPU
	EndGlobalSection
	GlobalSection(SolutionProperties) = preSolution
		HideSolutionNode = FALSE
	EndGlobalSection
	GlobalSection(ExtensibilityGlobals) = postSolution
		SolutionGuid = {BE966857-E5DC-444F-BA34-BCD4E0972656}
	EndGlobalSection
EndGlobal
